
Microsoft Visual Studio Solution File, Format Version 12.00
# Blend for Visual Studio Version 16
VisualStudioVersion = 16.0.30804.86
MinimumVisualStudioVersion = 10.0.40219.1
Project("{FAE04EC0-301F-11D3-BF4B-00C04F79EFBC}") = "KageBunshin", "KageBunshin\KageBunshin.csproj", "{2B3F0856-CEE9-4CD8-865F-809860217A24}"
EndProject
Project("{FAE04EC0-301F-11D3-BF4B-00C04F79EFBC}") = "utauPlugin", "..\..\..\Downloads\utauPlugin-master\utauPlugin-master\utauPlugin\utauPlugin.csproj", "{C08197D8-8323-4E6E-AAB4-F0B57CC304BD}"
EndProject
Project("{FAE04EC0-301F-11D3-BF4B-00C04F79EFBC}") = "UtauVoiceBank", "..\..\..\Downloads\utauPlugin-master\utauPlugin-master\UtauVoiceBank\UtauVoiceBank\UtauVoiceBank.csproj", "{3CD4045E-4D2D-4FBE-B3EB-A950EFC15309}"
EndProject
Project("{FAE04EC0-301F-11D3-BF4B-00C04F79EFBC}") = "Wave", "..\..\..\Downloads\utauPlugin-master\utauPlugin-master\Wave\Wave\Wave.csproj", "{C0CC431F-2A53-4CCB-9026-451570C7ACE8}"
EndProject
Global
	GlobalSection(SolutionConfigurationPlatforms) = preSolution
		Debug|Any CPU = Debug|Any CPU
		Release|Any CPU = Release|Any CPU
	EndGlobalSection
	GlobalSection(ProjectConfigurationPlatforms) = postSolution
		{2B3F0856-CEE9-4CD8-865F-809860217A24}.Debug|Any CPU.ActiveCfg = Debug|Any CPU
		{2B3F0856-CEE9-4CD8-865F-809860217A24}.Debug|Any CPU.Build.0 = Debug|Any CPU
		{2B3F0856-CEE9-4CD8-865F-809860217A24}.Release|Any CPU.ActiveCfg = Release|Any CPU
		{2B3F0856-CEE9-4CD8-865F-809860217A24}.Release|Any CPU.Build.0 = Release|Any CPU
		{C08197D8-8323-4E6E-AAB4-F0B57CC304BD}.Debug|Any CPU.ActiveCfg = Debug|Any CPU
		{C08197D8-8323-4E6E-AAB4-F0B57CC304BD}.Debug|Any CPU.Build.0 = Debug|Any CPU
		{C08197D8-8323-4E6E-AAB4-F0B57CC304BD}.Release|Any CPU.ActiveCfg = Release|Any CPU
		{C08197D8-8323-4E6E-AAB4-F0B57CC304BD}.Release|Any CPU.Build.0 = Release|Any CPU
		{3CD4045E-4D2D-4FBE-B3EB-A950EFC15309}.Debug|Any CPU.ActiveCfg = Debug|Any CPU
		{3CD4045E-4D2D-4FBE-B3EB-A950EFC15309}.Debug|Any CPU.Build.0 = Debug|Any CPU
		{3CD4045E-4D2D-4FBE-B3EB-A950EFC15309}.Release|Any CPU.ActiveCfg = Release|Any CPU
		{3CD4045E-4D2D-4FBE-B3EB-A950EFC15309}.Release|Any CPU.Build.0 = Release|Any CPU
		{C0CC431F-2A53-4CCB-9026-451570C7ACE8}.Debug|Any CPU.ActiveCfg = Debug|Any CPU
		{C0CC431F-2A53-4CCB-9026-451570C7ACE8}.Debug|Any CPU.Build.0 = Debug|Any CPU
		{C0CC431F-2A53-4CCB-9026-451570C7ACE8}.Release|Any CPU.ActiveCfg = Release|Any CPU
		{C0CC431F-2A53-4CCB-9026-451570C7ACE8}.Release|Any CPU.Build.0 = Release|Any CPU
	EndGlobalSection
	GlobalSection(SolutionProperties) = preSolution
		HideSolutionNode = FALSE
	EndGlobalSection
	GlobalSection(ExtensibilityGlobals) = postSolution
		SolutionGuid = {1E0C6389-7B9D-47CB-A0AD-A1C7F7382D44}
	EndGlobalSection
EndGlobal
